
Microsoft Visual Studio Solution File, Format Version 12.00
# Visual Studio 15
VisualStudioVersion = 15.0.26124.0
MinimumVisualStudioVersion = 15.0.26124.0
Project("{FAE04EC0-301F-11D3-BF4B-00C04F79EFBC}") = "Skibur.PuzzleLogic", "Skibur.PuzzleLogic\Skibur.PuzzleLogic.csproj", "{C8418B2E-2FC5-4DE4-B6FB-4D8964D8F9DE}"
EndProject
Project("{FAE04EC0-301F-11D3-BF4B-00C04F79EFBC}") = "Skibur.Scramble", "Skibur.Scramble\Skibur.Scramble.csproj", "{6D8CD996-F401-4057-8C25-FE176BD066E4}"
EndProject
Project("{FAE04EC0-301F-11D3-BF4B-00C04F79EFBC}") = "Skibur.App", "Skibur.App\Skibur.App.csproj", "{B2809496-2ADE-46B3-871F-2407FBE99A5C}"
EndProject
Global
	GlobalSection(SolutionConfigurationPlatforms) = preSolution
		Debug|Any CPU = Debug|Any CPU
		Debug|x64 = Debug|x64
		Debug|x86 = Debug|x86
		Release|Any CPU = Release|Any CPU
		Release|x64 = Release|x64
		Release|x86 = Release|x86
	EndGlobalSection
	GlobalSection(SolutionProperties) = preSolution
		HideSolutionNode = FALSE
	EndGlobalSection
	GlobalSection(ProjectConfigurationPlatforms) = postSolution
		{C8418B2E-2FC5-4DE4-B6FB-4D8964D8F9DE}.Debug|Any CPU.ActiveCfg = Debug|Any CPU
		{C8418B2E-2FC5-4DE4-B6FB-4D8964D8F9DE}.Debug|Any CPU.Build.0 = Debug|Any CPU
		{C8418B2E-2FC5-4DE4-B6FB-4D8964D8F9DE}.Debug|x64.ActiveCfg = Debug|Any CPU
		{C8418B2E-2FC5-4DE4-B6FB-4D8964D8F9DE}.Debug|x64.Build.0 = Debug|Any CPU
		{C8418B2E-2FC5-4DE4-B6FB-4D8964D8F9DE}.Debug|x86.ActiveCfg = Debug|Any CPU
		{C8418B2E-2FC5-4DE4-B6FB-4D8964D8F9DE}.Debug|x86.Build.0 = Debug|Any CPU
		{C8418B2E-2FC5-4DE4-B6FB-4D8964D8F9DE}.Release|Any CPU.ActiveCfg = Release|Any CPU
		{C8418B2E-2FC5-4DE4-B6FB-4D8964D8F9DE}.Release|Any CPU.Build.0 = Release|Any CPU
		{C8418B2E-2FC5-4DE4-B6FB-4D8964D8F9DE}.Release|x64.ActiveCfg = Release|Any CPU
		{C8418B2E-2FC5-4DE4-B6FB-4D8964D8F9DE}.Release|x64.Build.0 = Release|Any CPU
		{C8418B2E-2FC5-4DE4-B6FB-4D8964D8F9DE}.Release|x86.ActiveCfg = Release|Any CPU
		{C8418B2E-2FC5-4DE4-B6FB-4D8964D8F9DE}.Release|x86.Build.0 = Release|Any CPU
		{6D8CD996-F401-4057-8C25-FE176BD066E4}.Debug|Any CPU.ActiveCfg = Debug|Any CPU
		{6D8CD996-F401-4057-8C25-FE176BD066E4}.Debug|Any CPU.Build.0 = Debug|Any CPU
		{6D8CD996-F401-4057-8C25-FE176BD066E4}.Debug|x64.ActiveCfg = Debug|Any CPU
		{6D8CD996-F401-4057-8C25-FE176BD066E4}.Debug|x64.Build.0 = Debug|Any CPU
		{6D8CD996-F401-4057-8C25-FE176BD066E4}.Debug|x86.ActiveCfg = Debug|Any CPU
		{6D8CD996-F401-4057-8C25-FE176BD066E4}.Debug|x86.Build.0 = Debug|Any CPU
		{6D8CD996-F401-4057-8C25-FE176BD066E4}.Release|Any CPU.ActiveCfg = Release|Any CPU
		{6D8CD996-F401-4057-8C25-FE176BD066E4}.Release|Any CPU.Build.0 = Release|Any CPU
		{6D8CD996-F401-4057-8C25-FE176BD066E4}.Release|x64.ActiveCfg = Release|Any CPU
		{6D8CD996-F401-4057-8C25-FE176BD066E4}.Release|x64.Build.0 = Release|Any CPU
		{6D8CD996-F401-4057-8C25-FE176BD066E4}.Release|x86.ActiveCfg = Release|Any CPU
		{6D8CD996-F401-4057-8C25-FE176BD066E4}.Release|x86.Build.0 = Release|Any CPU
		{B2809496-2ADE-46B3-871F-2407FBE99A5C}.Debug|Any CPU.ActiveCfg = Debug|Any CPU
		{B2809496-2ADE-46B3-871F-2407FBE99A5C}.Debug|Any CPU.Build.0 = Debug|Any CPU
		{B2809496-2ADE-46B3-871F-2407FBE99A5C}.Debug|x64.ActiveCfg = Debug|Any CPU
		{B2809496-2ADE-46B3-871F-2407FBE99A5C}.Debug|x64.Build.0 = Debug|Any CPU
		{B2809496-2ADE-46B3-871F-2407FBE99A5C}.Debug|x86.ActiveCfg = Debug|Any CPU
		{B2809496-2ADE-46B3-871F-2407FBE99A5C}.Debug|x86.Build.0 = Debug|Any CPU
		{B2809496-2ADE-46B3-871F-2407FBE99A5C}.Release|Any CPU.ActiveCfg = Release|Any CPU
		{B2809496-2ADE-46B3-871F-2407FBE99A5C}.Release|Any CPU.Build.0 = Release|Any CPU
		{B2809496-2ADE-46B3-871F-2407FBE99A5C}.Release|x64.ActiveCfg = Release|Any CPU
		{B2809496-2ADE-46B3-871F-2407FBE99A5C}.Release|x64.Build.0 = Release|Any CPU
		{B2809496-2ADE-46B3-871F-2407FBE99A5C}.Release|x86.ActiveCfg = Release|Any CPU
		{B2809496-2ADE-46B3-871F-2407FBE99A5C}.Release|x86.Build.0 = Release|Any CPU
	EndGlobalSection
EndGlobal
